{
  "name": "ReactTraining",
  "lockfileVersion": 2,
  "requires": true,
  "packages": {
    "": {
      "dependencies": {
        "immutable": "^4.0.0-rc.14",
        "node-fetch": "^2.6.1"
      }
    },
    "node_modules/immutable": {
      "version": "4.0.0-rc.14",
      "resolved": "https://registry.npmjs.org/immutable/-/immutable-4.0.0-rc.14.tgz",
      "integrity": "sha512-pfkvmRKJSoW7JFx0QeYlAmT+kNYvn5j0u7bnpNq4N2RCvHSTlLT208G8jgaquNe+Q8kCPHKOSpxJkyvLDpYq0w=="
    },
    "node_modules/node-fetch": {
      "version": "2.6.1",
      "resolved": "https://registry.npmjs.org/node-fetch/-/node-fetch-2.6.1.tgz",
      "integrity": "sha512-V4aYg89jEoVRxRb2fJdAg8FHvI7cEyYdVAh94HH0UIK8oJxUfkjlDQN9RbMx+bEjP7+ggMiFRprSti032Oipxw==",
      "engines": {
        "node": "4.x || >=6.0.0"
      }
    }
  },
  "dependencies": {
    "immutable": {
      "version": "4.0.0-rc.14",
      "resolved": "https://registry.npmjs.org/immutable/-/immutable-4.0.0-rc.14.tgz",
      "integrity": "sha512-pfkvmRKJSoW7JFx0QeYlAmT+kNYvn5j0u7bnpNq4N2RCvHSTlLT208G8jgaquNe+Q8kCPHKOSpxJkyvLDpYq0w=="
    },
    "node-fetch": {
      "version": "2.6.1",
      "resolved": "https://registry.npmjs.org/node-fetch/-/node-fetch-2.6.1.tgz",
      "integrity": "sha512-V4aYg89jEoVRxRb2fJdAg8FHvI7cEyYdVAh94HH0UIK8oJxUfkjlDQN9RbMx+bEjP7+ggMiFRprSti032Oipxw=="
    }
  }
}
